
Microsoft Visual Studio Solution File, Format Version 12.00
# Visual Studio Version 17
VisualStudioVersion = 17.3.32929.385
MinimumVisualStudioVersion = 10.0.40219.1
Project("{FAE04EC0-301F-11D3-BF4B-00C04F79EFBC}") = "AgendaProvas", "AgendaProvas\AgendaProvas.csproj", "{FFC8D421-E812-498E-BCFA-4E2C26136312}"
EndProject
Global
	GlobalSection(SolutionConfigurationPlatforms) = preSolution
		Debug|Any CPU = Debug|Any CPU
		Release|Any CPU = Release|Any CPU
	EndGlobalSection
	GlobalSection(ProjectConfigurationPlatforms) = postSolution
		{FFC8D421-E812-498E-BCFA-4E2C26136312}.Debug|Any CPU.ActiveCfg = Debug|Any CPU
		{FFC8D421-E812-498E-BCFA-4E2C26136312}.Debug|Any CPU.Build.0 = Debug|Any CPU
		{FFC8D421-E812-498E-BCFA-4E2C26136312}.Release|Any CPU.ActiveCfg = Release|Any CPU
		{FFC8D421-E812-498E-BCFA-4E2C26136312}.Release|Any CPU.Build.0 = Release|Any CPU
	EndGlobalSection
	GlobalSection(SolutionProperties) = preSolution
		HideSolutionNode = FALSE
	EndGlobalSection
	GlobalSection(ExtensibilityGlobals) = postSolution
		SolutionGuid = {AE1C01F6-88A0-4824-854E-17FF16C414B4}
	EndGlobalSection
EndGlobal
